
Microsoft Visual Studio Solution File, Format Version 12.00
# Visual Studio Version 17
VisualStudioVersion = 17.0.31612.314
MinimumVisualStudioVersion = 10.0.40219.1
Project("{FAE04EC0-301F-11D3-BF4B-00C04F79EFBC}") = "blazor-docker-github-actions-test", "blazor-docker-github-actions-test\blazor-docker-github-actions-test.csproj", "{20C7828F-1759-4647-BBED-41BCA87D3FDA}"
EndProject
Global
	GlobalSection(SolutionConfigurationPlatforms) = preSolution
		Debug|Any CPU = Debug|Any CPU
		Release|Any CPU = Release|Any CPU
	EndGlobalSection
	GlobalSection(ProjectConfigurationPlatforms) = postSolution
		{20C7828F-1759-4647-BBED-41BCA87D3FDA}.Debug|Any CPU.ActiveCfg = Debug|Any CPU
		{20C7828F-1759-4647-BBED-41BCA87D3FDA}.Debug|Any CPU.Build.0 = Debug|Any CPU
		{20C7828F-1759-4647-BBED-41BCA87D3FDA}.Release|Any CPU.ActiveCfg = Release|Any CPU
		{20C7828F-1759-4647-BBED-41BCA87D3FDA}.Release|Any CPU.Build.0 = Release|Any CPU
	EndGlobalSection
	GlobalSection(SolutionProperties) = preSolution
		HideSolutionNode = FALSE
	EndGlobalSection
	GlobalSection(ExtensibilityGlobals) = postSolution
		SolutionGuid = {4E618B3D-58F1-4169-8D12-78F950063249}
	EndGlobalSection
EndGlobal
